
Microsoft Visual Studio Solution File, Format Version 12.00
# Visual Studio Version 17
VisualStudioVersion = 17.10.35122.118
MinimumVisualStudioVersion = 10.0.40219.1
Project("{9A19103F-16F7-4668-BE54-9A1E7A4F7556}") = "EDFLibSharp", "EDFLibSharp\EDFLibSharp.csproj", "{6E9743BB-472E-48C7-B529-03FBBB92AA31}"
EndProject
Project("{9A19103F-16F7-4668-BE54-9A1E7A4F7556}") = "Service", "Service\Service.csproj", "{854E29E0-A13C-4118-A2F3-C401DB4D6774}"
EndProject
Project("{9A19103F-16F7-4668-BE54-9A1E7A4F7556}") = "Wpf", "Chart\Wpf\Wpf.csproj", "{EE8140F8-08F9-48F8-90B7-B96BBA45BB02}"
EndProject
Project("{8BC9CEB8-8B4A-11D0-8D11-00A0C91BC942}") = "Edflib", "edflib\Edflib.vcxproj", "{E76EFFA3-5612-47BA-83BD-325329D1D534}"
EndProject
Project("{2150E333-8FDC-42A3-9474-1A3956D46DE8}") = "Chart", "Chart", "{BB53D93A-2AAA-43C0-8271-3E488050887C}"
EndProject
Project("{9A19103F-16F7-4668-BE54-9A1E7A4F7556}") = "Core", "Chart\Core\Core.csproj", "{8104DF98-2A28-4D2C-90F9-032732B65CEC}"
EndProject
Project("{9A19103F-16F7-4668-BE54-9A1E7A4F7556}") = "SkiaSharpBackend", "Chart\SkiaSharpBackend\SkiaSharpBackend.csproj", "{2D71D22A-7D4E-4390-BD29-361000E32A25}"
EndProject
Project("{9A19103F-16F7-4668-BE54-9A1E7A4F7556}") = "EDFToolApp", "EDFToolApp\EDFToolApp.csproj", "{A858245D-855C-4497-A660-7AE3793F8856}"
EndProject
Project("{9A19103F-16F7-4668-BE54-9A1E7A4F7556}") = "Model", "Model\Model.csproj", "{AEF55427-D692-4EC5-9C04-64E3CF9CBE65}"
EndProject
Global
	GlobalSection(SolutionConfigurationPlatforms) = preSolution
		Debug|x64 = Debug|x64
		Debug|x86 = Debug|x86
		Release|x64 = Release|x64
		Release|x86 = Release|x86
	EndGlobalSection
	GlobalSection(ProjectConfigurationPlatforms) = postSolution
		{6E9743BB-472E-48C7-B529-03FBBB92AA31}.Debug|x64.ActiveCfg = Debug|x64
		{6E9743BB-472E-48C7-B529-03FBBB92AA31}.Debug|x64.Build.0 = Debug|x64
		{6E9743BB-472E-48C7-B529-03FBBB92AA31}.Debug|x86.ActiveCfg = Debug|x86
		{6E9743BB-472E-48C7-B529-03FBBB92AA31}.Debug|x86.Build.0 = Debug|x86
		{6E9743BB-472E-48C7-B529-03FBBB92AA31}.Release|x64.ActiveCfg = Release|x64
		{6E9743BB-472E-48C7-B529-03FBBB92AA31}.Release|x64.Build.0 = Release|x64
		{6E9743BB-472E-48C7-B529-03FBBB92AA31}.Release|x86.ActiveCfg = Release|x86
		{6E9743BB-472E-48C7-B529-03FBBB92AA31}.Release|x86.Build.0 = Release|x86
		{854E29E0-A13C-4118-A2F3-C401DB4D6774}.Debug|x64.ActiveCfg = Debug|x64
		{854E29E0-A13C-4118-A2F3-C401DB4D6774}.Debug|x64.Build.0 = Debug|x64
		{854E29E0-A13C-4118-A2F3-C401DB4D6774}.Debug|x86.ActiveCfg = Debug|x86
		{854E29E0-A13C-4118-A2F3-C401DB4D6774}.Debug|x86.Build.0 = Debug|x86
		{854E29E0-A13C-4118-A2F3-C401DB4D6774}.Release|x64.ActiveCfg = Release|x64
		{854E29E0-A13C-4118-A2F3-C401DB4D6774}.Release|x64.Build.0 = Release|x64
		{854E29E0-A13C-4118-A2F3-C401DB4D6774}.Release|x86.ActiveCfg = Release|x86
		{854E29E0-A13C-4118-A2F3-C401DB4D6774}.Release|x86.Build.0 = Release|x86
		{EE8140F8-08F9-48F8-90B7-B96BBA45BB02}.Debug|x64.ActiveCfg = Debug|x64
		{EE8140F8-08F9-48F8-90B7-B96BBA45BB02}.Debug|x64.Build.0 = Debug|x64
		{EE8140F8-08F9-48F8-90B7-B96BBA45BB02}.Debug|x86.ActiveCfg = Debug|x86
		{EE8140F8-08F9-48F8-90B7-B96BBA45BB02}.Debug|x86.Build.0 = Debug|x86
		{EE8140F8-08F9-48F8-90B7-B96BBA45BB02}.Release|x64.ActiveCfg = Release|x64
		{EE8140F8-08F9-48F8-90B7-B96BBA45BB02}.Release|x64.Build.0 = Release|x64
		{EE8140F8-08F9-48F8-90B7-B96BBA45BB02}.Release|x86.ActiveCfg = Release|x86
		{EE8140F8-08F9-48F8-90B7-B96BBA45BB02}.Release|x86.Build.0 = Release|x86
		{E76EFFA3-5612-47BA-83BD-325329D1D534}.Debug|x64.ActiveCfg = Debug|x64
		{E76EFFA3-5612-47BA-83BD-325329D1D534}.Debug|x64.Build.0 = Debug|x64
		{E76EFFA3-5612-47BA-83BD-325329D1D534}.Debug|x86.ActiveCfg = Debug|Win32
		{E76EFFA3-5612-47BA-83BD-325329D1D534}.Debug|x86.Build.0 = Debug|Win32
		{E76EFFA3-5612-47BA-83BD-325329D1D534}.Release|x64.ActiveCfg = Release|x64
		{E76EFFA3-5612-47BA-83BD-325329D1D534}.Release|x64.Build.0 = Release|x64
		{E76EFFA3-5612-47BA-83BD-325329D1D534}.Release|x86.ActiveCfg = Release|Win32
		{E76EFFA3-5612-47BA-83BD-325329D1D534}.Release|x86.Build.0 = Release|Win32
		{8104DF98-2A28-4D2C-90F9-032732B65CEC}.Debug|x64.ActiveCfg = Debug|x64
		{8104DF98-2A28-4D2C-90F9-032732B65CEC}.Debug|x64.Build.0 = Debug|x64
		{8104DF98-2A28-4D2C-90F9-032732B65CEC}.Debug|x86.ActiveCfg = Debug|x86
		{8104DF98-2A28-4D2C-90F9-032732B65CEC}.Debug|x86.Build.0 = Debug|x86
		{8104DF98-2A28-4D2C-90F9-032732B65CEC}.Release|x64.ActiveCfg = Release|x64
		{8104DF98-2A28-4D2C-90F9-032732B65CEC}.Release|x64.Build.0 = Release|x64
		{8104DF98-2A28-4D2C-90F9-032732B65CEC}.Release|x86.ActiveCfg = Release|x86
		{8104DF98-2A28-4D2C-90F9-032732B65CEC}.Release|x86.Build.0 = Release|x86
		{2D71D22A-7D4E-4390-BD29-361000E32A25}.Debug|x64.ActiveCfg = Debug|x64
		{2D71D22A-7D4E-4390-BD29-361000E32A25}.Debug|x64.Build.0 = Debug|x64
		{2D71D22A-7D4E-4390-BD29-361000E32A25}.Debug|x86.ActiveCfg = Debug|x86
		{2D71D22A-7D4E-4390-BD29-361000E32A25}.Debug|x86.Build.0 = Debug|x86
		{2D71D22A-7D4E-4390-BD29-361000E32A25}.Release|x64.ActiveCfg = Release|x64
		{2D71D22A-7D4E-4390-BD29-361000E32A25}.Release|x64.Build.0 = Release|x64
		{2D71D22A-7D4E-4390-BD29-361000E32A25}.Release|x86.ActiveCfg = Release|x86
		{2D71D22A-7D4E-4390-BD29-361000E32A25}.Release|x86.Build.0 = Release|x86
		{A858245D-855C-4497-A660-7AE3793F8856}.Debug|x64.ActiveCfg = Debug|x64
		{A858245D-855C-4497-A660-7AE3793F8856}.Debug|x64.Build.0 = Debug|x64
		{A858245D-855C-4497-A660-7AE3793F8856}.Debug|x86.ActiveCfg = Debug|x86
		{A858245D-855C-4497-A660-7AE3793F8856}.Debug|x86.Build.0 = Debug|x86
		{A858245D-855C-4497-A660-7AE3793F8856}.Release|x64.ActiveCfg = Release|x64
		{A858245D-855C-4497-A660-7AE3793F8856}.Release|x64.Build.0 = Release|x64
		{A858245D-855C-4497-A660-7AE3793F8856}.Release|x86.ActiveCfg = Release|x86
		{A858245D-855C-4497-A660-7AE3793F8856}.Release|x86.Build.0 = Release|x86
		{AEF55427-D692-4EC5-9C04-64E3CF9CBE65}.Debug|x64.ActiveCfg = Debug|Any CPU
		{AEF55427-D692-4EC5-9C04-64E3CF9CBE65}.Debug|x64.Build.0 = Debug|Any CPU
		{AEF55427-D692-4EC5-9C04-64E3CF9CBE65}.Debug|x86.ActiveCfg = Debug|x86
		{AEF55427-D692-4EC5-9C04-64E3CF9CBE65}.Debug|x86.Build.0 = Debug|x86
		{AEF55427-D692-4EC5-9C04-64E3CF9CBE65}.Release|x64.ActiveCfg = Release|Any CPU
		{AEF55427-D692-4EC5-9C04-64E3CF9CBE65}.Release|x64.Build.0 = Release|Any CPU
		{AEF55427-D692-4EC5-9C04-64E3CF9CBE65}.Release|x86.ActiveCfg = Release|x86
		{AEF55427-D692-4EC5-9C04-64E3CF9CBE65}.Release|x86.Build.0 = Release|x86
	EndGlobalSection
	GlobalSection(SolutionProperties) = preSolution
		HideSolutionNode = FALSE
	EndGlobalSection
	GlobalSection(NestedProjects) = preSolution
		{EE8140F8-08F9-48F8-90B7-B96BBA45BB02} = {BB53D93A-2AAA-43C0-8271-3E488050887C}
		{8104DF98-2A28-4D2C-90F9-032732B65CEC} = {BB53D93A-2AAA-43C0-8271-3E488050887C}
		{2D71D22A-7D4E-4390-BD29-361000E32A25} = {BB53D93A-2AAA-43C0-8271-3E488050887C}
	EndGlobalSection
	GlobalSection(ExtensibilityGlobals) = postSolution
		SolutionGuid = {004812BE-C49C-44F8-82DE-3193D5A5255D}
	EndGlobalSection
EndGlobal
